{
  "version": "2",
  "remote": {
    "http://localhost:3000/components/Header.tsx?ssr&v=ldyeb721": "8af22690205a155043f956741a038b915fc606323127d0fb1095107f72665fb3",
    "http://localhost:3000/components/Header.tsx?ssr&v=le22y05i": "8af22690205a155043f956741a038b915fc606323127d0fb1095107f72665fb3",
    "http://localhost:3000/routes/_404.tsx?ssr&v=le22y05i": "aaf52145764d274c64be03913936ae4b08d4dd1956df5a140433ac74a64d908c",
    "http://localhost:3000/routes/_app.tsx?ssr&v=ldyeb721": "2146d533e2f3335277b305c743f56aa97241d5a1b88363f20e534c8472a3f473",
    "http://localhost:3000/routes/_app.tsx?ssr&v=le22y05i": "6180d76344dc16078d051abfa31d8b3eeb1410ec897a2a92bcf36f7e23b450a5",
    "http://localhost:3000/routes/index.tsx?ssr&v=ldyeb721": "a1ce9f7c07631f18dff46367ff904401559ba6ba173e9b743380be1afc587288",
    "http://localhost:3000/routes/index.tsx?ssr&v=le22y05i": "5e644db70b77f0803e4af83ade0b8615a82948c58b6e317906072f3bd5ed202f",
    "https://deno.land/std@0.155.0/_util/assert.ts": "e94f2eb37cebd7f199952e242c77654e43333c1ac4c5c700e929ea3aa5489f74",
    "https://deno.land/std@0.155.0/_util/os.ts": "3b4c6e27febd119d36a416d7a97bd3b0251b77c88942c8f16ee5953ea13e2e49",
    "https://deno.land/std@0.155.0/async/abortable.ts": "87aa7230be8360c24ad437212311c9e8d4328854baec27b4c7abb26e85515c06",
    "https://deno.land/std@0.155.0/async/deadline.ts": "48ac998d7564969f3e6ec6b6f9bf0217ebd00239b1b2292feba61272d5dd58d0",
    "https://deno.land/std@0.155.0/async/debounce.ts": "de5433bff08a2bb61416fc53b3bd2d5867090c8a815465e5b4a10a77495b1051",
    "https://deno.land/std@0.155.0/async/deferred.ts": "c01de44b9192359cebd3fe93273fcebf9e95110bf3360023917da9a2d1489fae",
    "https://deno.land/std@0.155.0/async/delay.ts": "0419dfc993752849692d1f9647edf13407c7facc3509b099381be99ffbc9d699",
    "https://deno.land/std@0.155.0/async/mod.ts": "dd0a8ed4f3984ffabe2fcca7c9f466b7932d57b1864ffee148a5d5388316db6b",
    "https://deno.land/std@0.155.0/async/mux_async_iterator.ts": "3447b28a2a582224a3d4d3596bccbba6e85040da3b97ed64012f7decce98d093",
    "https://deno.land/std@0.155.0/async/pool.ts": "ef9eb97b388543acbf0ac32647121e4dbe629236899586c4d4311a8770fbb239",
    "https://deno.land/std@0.155.0/async/tee.ts": "d27680d911816fcb3d231e16d690e7588079e66a9b2e5ce8cc354db94fdce95f",
    "https://deno.land/std@0.155.0/bytes/equals.ts": "3c3558c3ae85526f84510aa2b48ab2ad7bdd899e2e0f5b7a8ffc85acb3a6043a",
    "https://deno.land/std@0.155.0/bytes/mod.ts": "763f97d33051cc3f28af1a688dfe2830841192a9fea0cbaa55f927b49d49d0bf",
    "https://deno.land/std@0.155.0/encoding/base64.ts": "c57868ca7fa2fbe919f57f88a623ad34e3d970d675bdc1ff3a9d02bba7409db2",
    "https://deno.land/std@0.155.0/fmt/colors.ts": "ff7dc9c9f33a72bd48bc24b21bbc1b4545d8494a431f17894dbc5fe92a938fc4",
    "https://deno.land/std@0.155.0/fs/_util.ts": "fdc156f897197f261a1c096dcf8ff9267ed0ff42bd5b31f55053a4763a4bae3b",
    "https://deno.land/std@0.155.0/fs/ensure_dir.ts": "76395fc1c989ca8d2de3aedfa8240eb8f5225cde20f926de957995b063135b80",
    "https://deno.land/std@0.155.0/http/server.ts": "e2e16f0b124ffef022ad04797d4250d6e4fc0d9579780999091949b17789dd1a",
    "https://deno.land/std@0.155.0/path/_constants.ts": "df1db3ffa6dd6d1252cc9617e5d72165cd2483df90e93833e13580687b6083c3",
    "https://deno.land/std@0.155.0/path/_interface.ts": "ee3b431a336b80cf445441109d089b70d87d5e248f4f90ff906820889ecf8d09",
    "https://deno.land/std@0.155.0/path/_util.ts": "d16be2a16e1204b65f9d0dfc54a9bc472cafe5f4a190b3c8471ec2016ccd1677",
    "https://deno.land/std@0.155.0/path/common.ts": "bee563630abd2d97f99d83c96c2fa0cca7cee103e8cb4e7699ec4d5db7bd2633",
    "https://deno.land/std@0.155.0/path/glob.ts": "cb5255638de1048973c3e69e420c77dc04f75755524cb3b2e160fe9277d939ee",
    "https://deno.land/std@0.155.0/path/mod.ts": "56fec03ad0ebd61b6ab39ddb9b0ddb4c4a5c9f2f4f632e09dd37ec9ebfd722ac",
    "https://deno.land/std@0.155.0/path/posix.ts": "c1f7afe274290ea0b51da07ee205653b2964bd74909a82deb07b69a6cc383aaa",
    "https://deno.land/std@0.155.0/path/separator.ts": "fe1816cb765a8068afb3e8f13ad272351c85cbc739af56dacfc7d93d710fe0f9",
    "https://deno.land/std@0.155.0/path/win32.ts": "bd7549042e37879c68ff2f8576a25950abbfca1d696d41d82c7bca0b7e6f452c",
    "https://deno.land/x/aleph@1.0.0-beta.21/runtime/core/error.ts": "f9c0bce80c7fbefb0a5b983ce4e61699b9a71b85af2cd52fddecae00e5b23390",
    "https://deno.land/x/aleph@1.0.0-beta.21/runtime/core/events.ts": "0a01a394433d30d49b7be9e17f43e3dda84d4086764ea3c81b890c8433f80cc3",
    "https://deno.land/x/aleph@1.0.0-beta.21/runtime/core/redirect.ts": "41fdd2cf17090d33ce70bdb8afb04e1d00566c8f22bba10e63bfdab4ca17f40d",
    "https://deno.land/x/aleph@1.0.0-beta.21/runtime/core/routes.ts": "8e86e8b22b5f897ec170eca40c6d2940b46c43b9ee2959cecfd7246f335e9ae1",
    "https://deno.land/x/aleph@1.0.0-beta.21/runtime/core/url_pattern.ts": "ffe78dc4ca17d62339ad4af966c8e3c886fea05ec68a01b92cd945197376eb8c",
    "https://deno.land/x/aleph@1.0.0-beta.21/runtime/react/context.ts": "1c4e1af0ea54fac223c3a1069857b0242ca4ee659135aba28571beb2cf99f523",
    "https://deno.land/x/aleph@1.0.0-beta.21/runtime/react/data.ts": "ecbeaf880c8806703c20cd2791273cc1c63ed5a0a7dc3d3b47849322710642a8",
    "https://deno.land/x/aleph@1.0.0-beta.21/runtime/react/error.ts": "b5c784b1a3fac7d550b82780dd5ba4ff8d64a1293559ec7ec702e2905a4915a2",
    "https://deno.land/x/aleph@1.0.0-beta.21/runtime/react/head.ts": "4f7dc5398ff8bf7fc44e2d45f3ef6dc3b7f8b442c3983fb7ebb01dbb67c4b734",
    "https://deno.land/x/aleph@1.0.0-beta.21/runtime/react/link.ts": "829942d22cdbed4f4c2d68bb5624f21b20ad15e5a6403bef85f827ad77d48ed5",
    "https://deno.land/x/aleph@1.0.0-beta.21/runtime/react/mod.ts": "c7f77b0481dc6d46a33046bb4de91e25048f98e9bfedf35ab107c6d6b745d9f4",
    "https://deno.land/x/aleph@1.0.0-beta.21/runtime/react/portal.ts": "21929fce7d28ff636d42f81c03ae380b41cd6affde445a7e577ab0c2ab18b4d2",
    "https://deno.land/x/aleph@1.0.0-beta.21/runtime/react/router.ts": "950a48e9e7c2af6679840593a4e6c0f8890413ad3e5f332fabc17de3470b779d",
    "https://deno.land/x/aleph@1.0.0-beta.21/runtime/react/server.ts": "078dc25f1691bf400130265cb675e8375db47fe815f67825681aa70e40741852",
    "https://deno.land/x/aleph@1.0.0-beta.21/server/build.ts": "4e6ba64c20b6d323e3cecb60318a18c2ca19c5640ea30fb3d96394c60eb5ac92",
    "https://deno.land/x/aleph@1.0.0-beta.21/server/cache.ts": "a57e9361f2d7f24c6c41ed7a912fa3ce0d509bde69c954176493bdc30cd1e1ad",
    "https://deno.land/x/aleph@1.0.0-beta.21/server/context.ts": "ae6a8528a170b4ce9bc41511af1c354dfd4f382a2ac22d73697afa3b9e02e109",
    "https://deno.land/x/aleph@1.0.0-beta.21/server/deps.ts": "a0a40f6d679b0583bd829a48ac8b010b0f18a3ec0a415e582c7d6d06b0aba9c0",
    "https://deno.land/x/aleph@1.0.0-beta.21/server/dev.ts": "a78cc29b5a8570a5df0dc02c7bf6aff68e1c55141eb05208867b2fa7e9b5129e",
    "https://deno.land/x/aleph@1.0.0-beta.21/server/graph.ts": "15ca091aab1e06bef77508ce50c6010fe4e8d41653fba9529f9116657173d607",
    "https://deno.land/x/aleph@1.0.0-beta.21/server/helpers.ts": "aefdf3acfbd11e44ad56ba829b2e94b2680598f66479250ef565833f9b776dbc",
    "https://deno.land/x/aleph@1.0.0-beta.21/server/html.ts": "b00c1997f5cc04ea10e02dc54d0a51e9b0730af8309bdc9ea43a444f39f5e892",
    "https://deno.land/x/aleph@1.0.0-beta.21/server/log.ts": "cac83cdc563338bcef4a665608cdac75e5b8cdf0084f40ac2e3c920b8a6e6b29",
    "https://deno.land/x/aleph@1.0.0-beta.21/server/media_type.ts": "7469f33e474c97c8d7919cd1b81171edd0e41774007f952cc1e10c775246dc09",
    "https://deno.land/x/aleph@1.0.0-beta.21/server/mod.ts": "b1e11a2bba14855a0ba94c28ab73c7c3fc4c8ace422bbd5ed08797068f3a4a87",
    "https://deno.land/x/aleph@1.0.0-beta.21/server/renderer.ts": "809f3b67420ed8764a5fbe72ef32271744588c4ff5a6444c6a1b9e1d8e4489e7",
    "https://deno.land/x/aleph@1.0.0-beta.21/server/routing.ts": "030a5ba713870edc98794575dd2690be76b961a8571a33b625ddb8dde4d9d176",
    "https://deno.land/x/aleph@1.0.0-beta.21/server/session.ts": "706fa74f6affa0af0daa61cf812b9a959d25629c8efd3d572e6afb7549e2a9d7",
    "https://deno.land/x/aleph@1.0.0-beta.21/server/transformer.ts": "70e3b60ea704e6f50f76802e8a21abefa8939bbf6709d98131d80ac7224cc800",
    "https://deno.land/x/aleph@1.0.0-beta.21/server/types.ts": "5795f221e82c5be6c922a389b01bb800799d723f2221158cf7358a769cfdc163",
    "https://deno.land/x/aleph@1.0.0-beta.21/shared/util.ts": "3eda4196db47f2965eb94dd6d58ac3db27f4e39278511cbfae8e26b96a47c9e6",
    "https://deno.land/x/aleph@1.0.0-beta.21/types.d.ts": "d65f0962822a86fafea3ab1962a6dfdbedf2916384c840d983dfe2de90638cbd",
    "https://deno.land/x/aleph@1.0.0-beta.21/version.ts": "e6d66099514cf926cca4c0fc62b5a98a60cd7deb3f9c7990c3a02efa7a62c34a",
    "https://deno.land/x/aleph_compiler@0.8.2/dist/compiler.js": "480bffcaf2348a9a33d8d3862fa627c60adb6610926b60b6f990673571bb2c7a",
    "https://deno.land/x/aleph_compiler@0.8.2/dist/wasm.js": "f1f81ee912266ad86f79c28428b4446f534ab7ad7e8f660ae746db6dac3dc03a",
    "https://deno.land/x/aleph_compiler@0.8.2/mod.ts": "d4f0d8a28b49942c3f27c7c3d95238dc3fdba5d4c20f201aa627217db6e0cf8a",
    "https://deno.land/x/aleph_compiler@0.8.2/types.ts": "87db4105bc3f5b76a6f5ffccf8ada8005e184fefa28b58bd5952cc41c86ecdc9",
    "https://deno.land/x/aleph_compiler@0.8.2/version.ts": "427762880da366bac23481bd06209ef860b97c8be1815dd550fd8fbc7a8afd9e",
    "https://deno.land/x/denoflate@1.2.1/mod.ts": "f5628e44b80b3d80ed525afa2ba0f12408e3849db817d47a883b801f9ce69dd6",
    "https://deno.land/x/denoflate@1.2.1/pkg/denoflate.js": "b9f9ad9457d3f12f28b1fb35c555f57443427f74decb403113d67364e4f2caf4",
    "https://deno.land/x/denoflate@1.2.1/pkg/denoflate_bg.wasm.js": "d581956245407a2115a3d7e8d85a9641c032940a8e810acbd59ca86afd34d44d",
    "https://deno.land/x/esbuild@v0.15.10/mod.d.ts": "12e96a8d05c8e2c5638aa9cb09f24222134d437abb2f3f52de0156adb2270719",
    "https://deno.land/x/esbuild@v0.15.10/mod.js": "b6076f05f58057025ce0eddb404a4da3b7a0e3768c53f6c87959c8c32240e9cd",
    "https://deno.land/x/jsonc_parser@v0.0.1/src/jsonc.ts": "cb14bdf3b0a7fcd2129b3b2a21d7943096781b7ca6f82781c180c006a35a9599",
    "https://deno.land/x/lol_html@0.0.4/mod.js": "1dbe7fb491bc1bc75561a7fccfd3d2e9b2c66d2eb625be535eb49c9374ea6839",
    "https://deno.land/x/lol_html@0.0.4/types.d.ts": "497047e6ac12eb3122987d31e0a6ed154303bc708b53a772c606ee1b40630427",
    "https://deno.land/x/lol_html@0.0.4/wasm.js": "e5a8ff4f97770c00f484b7a12abc52fdf039b189d6d8a7f98da9119c140b6dce",
    "https://deno.land/x/lz4@v0.1.2/mod.ts": "4decfc1a3569d03fd1813bd39128b71c8f082850fe98ecfdde20025772916582",
    "https://deno.land/x/lz4@v0.1.2/wasm.js": "b9c65605327ba273f0c76a6dc596ec534d4cda0f0225d7a94ebc606782319e46",
    "https://esm.sh/@unocss/core@0.45.29": "f2f5ab5d62c4d140371f6a05589d36542a9f1d2bb7f8a6d0a0bc5830f88c9f3f",
    "https://esm.sh/mitt@3.0.0": "e1cc22d2e24960488f7aa226a2eebf02fa60ea80e71675d740fa55df9daaf6ac",
    "https://esm.sh/react-dom@18.2.0/server": "fd466de2edcac867a437748173ab4c21916e2ad9efba440d2c411ac61d1c6d05",
    "https://esm.sh/react@18.2.0": "84aa07282d2f3c843f7d56daeae0be41ceae768391c4418f7358dd64e8fe4eca",
    "https://esm.sh/react@18.2.0/jsx-runtime": "8e5e22ae56773ef989a95772b9b9f6d4e5d7891f2d20875c25e51015df018f7c",
    "https://esm.sh/stable/react@18.2.0/deno/jsx-runtime.js": "4f0af3ce145cdcac00e75bea66889f321aa1d0c63714ae71986a6540f881fe04",
    "https://esm.sh/stable/react@18.2.0/deno/react.js": "0113c672572d23a90490f1b03731866a18bbbfe2ab4ff8e52c2e91b60c4188f0",
    "https://esm.sh/v106/@antfu/utils@0.5.2/index.d.ts": "b55dd2eb5ced2eec9fbac96be6fe8d5c30cb9fd875fd47f711882c7e3c2a857d",
    "https://esm.sh/v106/@types/prop-types@15.7.5/index.d.ts": "6a386ff939f180ae8ef064699d8b7b6e62bc2731a62d7fbf5e02589383838dea",
    "https://esm.sh/v106/@types/react-dom@18.0.10/server~.d.ts": "73810d1d55ae1b9c5b2f2e94c810a5403c53ca349279d3f88cf4ec4efd4d7df4",
    "https://esm.sh/v106/@types/react@18.0.26/global.d.ts": "bbdf156fea2fabed31a569445835aeedcc33643d404fcbaa54541f06c109df3f",
    "https://esm.sh/v106/@types/react@18.0.26/index.d.ts": "fe112ce80d32be7e9d902b548b4c22def6abde352f93b150a59bda7934ae2964",
    "https://esm.sh/v106/@types/react@18.0.26/jsx-runtime~.d.ts": "7efb28f322f647d652575b99e1d9cda1af17e93bdf6f649cc5d0a8527fc75324",
    "https://esm.sh/v106/@types/react@18.0.27/global.d.ts": "bbdf156fea2fabed31a569445835aeedcc33643d404fcbaa54541f06c109df3f",
    "https://esm.sh/v106/@types/react@18.0.27/index.d.ts": "fe112ce80d32be7e9d902b548b4c22def6abde352f93b150a59bda7934ae2964",
    "https://esm.sh/v106/@types/scheduler@0.16.2/tracing.d.ts": "f5a8b384f182b3851cec3596ccc96cb7464f8d3469f48c74bf2befb782a19de5",
    "https://esm.sh/v106/@unocss/core@0.45.29/deno/core.js": "cde6fd757b6c5aaa1ec189af1d6a01c7f3c574d32f757353128454d772d679d3",
    "https://esm.sh/v106/@unocss/core@0.45.29/dist/index.d.ts": "c4a9b46e919911327170aa991e7e86a1f4a672b6809a9210e8e4845eb60a5de6",
    "https://esm.sh/v106/csstype@3.1.1/index.d.ts": "1c29793071152b207c01ea1954e343be9a44d85234447b2b236acae9e709a383",
    "https://esm.sh/v106/magic-string@0.27.0/index.d.ts": "6511a35c6a756bf3fe384aca1312f0753fc366cfe432714c98eb1a5561741ad8",
    "https://esm.sh/v106/mitt@3.0.0/deno/mitt.js": "9b4650567425ecde1e13e78d177c421d64d12f24748937573036a74567f66964",
    "https://esm.sh/v106/mitt@3.0.0/index.d.ts": "d078b49194156918c4adfe4f0e2da2f2d5bfb0fe92539c9437d453a2fe68dd01",
    "https://esm.sh/v106/react-dom@18.2.0/deno/server.js": "dfdbaf0d863eeb9c62c4db1aa34401e5266c18e999103d87ee665c381429ee5e",
    "https://esm.sh/v106/unconfig@0.3.7/dist/index.d.ts": "a3213705a86e44de6d74c27b1abe4b67dc2b4bd4857e62846f6ff4853ffd058e",
    "https://esm.sh/v106/unconfig@0.3.7/dist/types-6886c41e.d.ts": "3b8e7dd9ef7beea62b47979c2c775236f6e9dc3c2884555319bfffe110a81c3b"
  }
}
